
Microsoft Visual Studio Solution File, Format Version 12.00
# Visual Studio Version 17
VisualStudioVersion = 17.6.33815.320
MinimumVisualStudioVersion = 10.0.40219.1
Project("{2150E333-8FDC-42A3-9474-1A3956D46DE8}") = "FrontEnd", "FrontEnd", "{5B41DBFE-C325-4F99-9E95-214A22FE2973}"
EndProject
Project("{2150E333-8FDC-42A3-9474-1A3956D46DE8}") = "Services", "Services", "{EFD494B8-BA73-451B-B0DC-B9E06C1A15A3}"
EndProject
Project("{FAE04EC0-301F-11D3-BF4B-00C04F79EFBC}") = "GeekShopping.Web", "GeekShopping.Web\GeekShopping.Web.csproj", "{0170CD6B-51A6-438F-B8F2-BA043841DB58}"
EndProject
Project("{FAE04EC0-301F-11D3-BF4B-00C04F79EFBC}") = "GeekShopping.ProductApi", "GeekShopping.ProductApi\GeekShopping.ProductApi.csproj", "{7B298EC0-DFEC-4081-BB48-173CAE566D63}"
EndProject
Global
	GlobalSection(SolutionConfigurationPlatforms) = preSolution
		Debug|Any CPU = Debug|Any CPU
		Release|Any CPU = Release|Any CPU
	EndGlobalSection
	GlobalSection(ProjectConfigurationPlatforms) = postSolution
		{0170CD6B-51A6-438F-B8F2-BA043841DB58}.Debug|Any CPU.ActiveCfg = Debug|Any CPU
		{0170CD6B-51A6-438F-B8F2-BA043841DB58}.Debug|Any CPU.Build.0 = Debug|Any CPU
		{0170CD6B-51A6-438F-B8F2-BA043841DB58}.Release|Any CPU.ActiveCfg = Release|Any CPU
		{0170CD6B-51A6-438F-B8F2-BA043841DB58}.Release|Any CPU.Build.0 = Release|Any CPU
		{7B298EC0-DFEC-4081-BB48-173CAE566D63}.Debug|Any CPU.ActiveCfg = Debug|Any CPU
		{7B298EC0-DFEC-4081-BB48-173CAE566D63}.Debug|Any CPU.Build.0 = Debug|Any CPU
		{7B298EC0-DFEC-4081-BB48-173CAE566D63}.Release|Any CPU.ActiveCfg = Release|Any CPU
		{7B298EC0-DFEC-4081-BB48-173CAE566D63}.Release|Any CPU.Build.0 = Release|Any CPU
	EndGlobalSection
	GlobalSection(SolutionProperties) = preSolution
		HideSolutionNode = FALSE
	EndGlobalSection
	GlobalSection(NestedProjects) = preSolution
		{0170CD6B-51A6-438F-B8F2-BA043841DB58} = {5B41DBFE-C325-4F99-9E95-214A22FE2973}
		{7B298EC0-DFEC-4081-BB48-173CAE566D63} = {EFD494B8-BA73-451B-B0DC-B9E06C1A15A3}
	EndGlobalSection
	GlobalSection(ExtensibilityGlobals) = postSolution
		SolutionGuid = {8A60766C-CD2E-40F8-8D7E-F985621C1092}
	EndGlobalSection
EndGlobal
